// !$*UTF8*$!
{
	archiveVersion = 1;
	classes = {
	};
	objectVersion = 51;
	objects = {

/* Begin PBXBuildFile section */
		093A00909AE2CC3CF1994FE5 /* Pods_StarredRepoChallenge_StarredRepoChallengeTests.framework in Frameworks */ = {isa = PBXBuildFile; fileRef = 211C35A7914B355D9EF4E9C8 /* Pods_StarredRepoChallenge_StarredRepoChallengeTests.framework */; };
		1025B6B8299E99551D969007 /* Pods_StarredRepoChallenge.framework in Frameworks */ = {isa = PBXBuildFile; fileRef = 03ED0BF0D23E073634DE2FC6 /* Pods_StarredRepoChallenge.framework */; };
		BC20C01A23E7A8A9008CC191 /* AppDelegate.swift in Sources */ = {isa = PBXBuildFile; fileRef = BC20C01923E7A8A9008CC191 /* AppDelegate.swift */; };
		BC20C01C23E7A8A9008CC191 /* SceneDelegate.swift in Sources */ = {isa = PBXBuildFile; fileRef = BC20C01B23E7A8A9008CC191 /* SceneDelegate.swift */; };
		BC20C01E23E7A8A9008CC191 /* ViewController.swift in Sources */ = {isa = PBXBuildFile; fileRef = BC20C01D23E7A8A9008CC191 /* ViewController.swift */; };
		BC20C02123E7A8A9008CC191 /* Main.storyboard in Resources */ = {isa = PBXBuildFile; fileRef = BC20C01F23E7A8A9008CC191 /* Main.storyboard */; };
		BC20C02323E7A8AA008CC191 /* Assets.xcassets in Resources */ = {isa = PBXBuildFile; fileRef = BC20C02223E7A8AA008CC191 /* Assets.xcassets */; };
		BC20C02623E7A8AA008CC191 /* LaunchScreen.storyboard in Resources */ = {isa = PBXBuildFile; fileRef = BC20C02423E7A8AA008CC191 /* LaunchScreen.storyboard */; };
		BC20C03123E7A8AB008CC191 /* StarredRepoChallengeTests.swift in Sources */ = {isa = PBXBuildFile; fileRef = BC20C03023E7A8AB008CC191 /* StarredRepoChallengeTests.swift */; };
		BC20C04123E7AA38008CC191 /* repoDataProvider.swift in Sources */ = {isa = PBXBuildFile; fileRef = BC20C04023E7AA38008CC191 /* repoDataProvider.swift */; };
		BCB977CB23E88E2F00016167 /* Repo.swift in Sources */ = {isa = PBXBuildFile; fileRef = BCB977CA23E88E2F00016167 /* Repo.swift */; };
		BCB977CD23E8C57000016167 /* RepoController.swift in Sources */ = {isa = PBXBuildFile; fileRef = BCB977CC23E8C57000016167 /* RepoController.swift */; };
		BCE9340023E90B26009EFB38 /* RepoCell.xib in Resources */ = {isa = PBXBuildFile; fileRef = BCE933FE23E90B26009EFB38 /* RepoCell.xib */; };
		BCE9340123E90B26009EFB38 /* RepoCell.swift in Sources */ = {isa = PBXBuildFile; fileRef = BCE933FF23E90B26009EFB38 /* RepoCell.swift */; };
		BCE9340723EA715F009EFB38 /* BaseViewController.swift in Sources */ = {isa = PBXBuildFile; fileRef = BCE9340623EA715F009EFB38 /* BaseViewController.swift */; };
		BCE9340D23EA77BD009EFB38 /* 568-download.json in Resources */ = {isa = PBXBuildFile; fileRef = BCE9340C23EA77BD009EFB38 /* 568-download.json */; };
		BCE9819423EA168D0013F5BD /* viewControllerSpec.swift in Sources */ = {isa = PBXBuildFile; fileRef = BCE9819323EA168D0013F5BD /* viewControllerSpec.swift */; };
/* End PBXBuildFile section */

/* Begin PBXContainerItemProxy section */
		BC20C02D23E7A8AB008CC191 /* PBXContainerItemProxy */ = {
			isa = PBXContainerItemProxy;
			containerPortal = BC20C00E23E7A8A9008CC191 /* Project object */;
			proxyType = 1;
			remoteGlobalIDString = BC20C01523E7A8A9008CC191;
			remoteInfo = StarredRepoChallenge;
		};
/* End PBXContainerItemProxy section */

/* Begin PBXFileReference section */
		03ED0BF0D23E073634DE2FC6 /* Pods_StarredRepoChallenge.framework */ = {isa = PBXFileReference; explicitFileType = wrapper.framework; includeInIndex = 0; path = Pods_StarredRepoChallenge.framework; sourceTree = BUILT_PRODUCTS_DIR; };
		211C35A7914B355D9EF4E9C8 /* Pods_StarredRepoChallenge_StarredRepoChallengeTests.framework */ = {isa = PBXFileReference; explicitFileType = wrapper.framework; includeInIndex = 0; path = Pods_StarredRepoChallenge_StarredRepoChallengeTests.framework; sourceTree = BUILT_PRODUCTS_DIR; };
		3B2D075F26581831369720B0 /* Pods-StarredRepoChallenge-StarredRepoChallengeTests.release.xcconfig */ = {isa = PBXFileReference; includeInIndex = 1; lastKnownFileType = text.xcconfig; name = "Pods-StarredRepoChallenge-StarredRepoChallengeTests.release.xcconfig"; path = "Target Support Files/Pods-StarredRepoChallenge-StarredRepoChallengeTests/Pods-StarredRepoChallenge-StarredRepoChallengeTests.release.xcconfig"; sourceTree = "<group>"; };
		52E868A1E5F2F20AB26D211D /* Pods-StarredRepoChallenge.release.xcconfig */ = {isa = PBXFileReference; includeInIndex = 1; lastKnownFileType = text.xcconfig; name = "Pods-StarredRepoChallenge.release.xcconfig"; path = "Target Support Files/Pods-StarredRepoChallenge/Pods-StarredRepoChallenge.release.xcconfig"; sourceTree = "<group>"; };
		6715735402C94840A4663A4D /* Pods-StarredRepoChallengeTests.debug.xcconfig */ = {isa = PBXFileReference; includeInIndex = 1; lastKnownFileType = text.xcconfig; name = "Pods-StarredRepoChallengeTests.debug.xcconfig"; path = "Target Support Files/Pods-StarredRepoChallengeTests/Pods-StarredRepoChallengeTests.debug.xcconfig"; sourceTree = "<group>"; };
		937DA102BF931117A1E5E40F /* Pods-StarredRepoChallengeTests.release.xcconfig */ = {isa = PBXFileReference; includeInIndex = 1; lastKnownFileType = text.xcconfig; name = "Pods-StarredRepoChallengeTests.release.xcconfig"; path = "Target Support Files/Pods-StarredRepoChallengeTests/Pods-StarredRepoChallengeTests.release.xcconfig"; sourceTree = "<group>"; };
		BABCCAB022B66D24D10BE44E /* Pods-StarredRepoChallenge.debug.xcconfig */ = {isa = PBXFileReference; includeInIndex = 1; lastKnownFileType = text.xcconfig; name = "Pods-StarredRepoChallenge.debug.xcconfig"; path = "Target Support Files/Pods-StarredRepoChallenge/Pods-StarredRepoChallenge.debug.xcconfig"; sourceTree = "<group>"; };
		BC20C01623E7A8A9008CC191 /* StarredRepoChallenge.app */ = {isa = PBXFileReference; explicitFileType = wrapper.application; includeInIndex = 0; path = StarredRepoChallenge.app; sourceTree = BUILT_PRODUCTS_DIR; };
		BC20C01923E7A8A9008CC191 /* AppDelegate.swift */ = {isa = PBXFileReference; lastKnownFileType = sourcecode.swift; path = AppDelegate.swift; sourceTree = "<group>"; };
		BC20C01B23E7A8A9008CC191 /* SceneDelegate.swift */ = {isa = PBXFileReference; lastKnownFileType = sourcecode.swift; path = SceneDelegate.swift; sourceTree = "<group>"; };
		BC20C01D23E7A8A9008CC191 /* ViewController.swift */ = {isa = PBXFileReference; lastKnownFileType = sourcecode.swift; path = ViewController.swift; sourceTree = "<group>"; };
		BC20C02023E7A8A9008CC191 /* Base */ = {isa = PBXFileReference; lastKnownFileType = file.storyboard; name = Base; path = Base.lproj/Main.storyboard; sourceTree = "<group>"; };
		BC20C02223E7A8AA008CC191 /* Assets.xcassets */ = {isa = PBXFileReference; lastKnownFileType = folder.assetcatalog; path = Assets.xcassets; sourceTree = "<group>"; };
		BC20C02523E7A8AA008CC191 /* Base */ = {isa = PBXFileReference; lastKnownFileType = file.storyboard; name = Base; path = Base.lproj/LaunchScreen.storyboard; sourceTree = "<group>"; };
		BC20C02723E7A8AA008CC191 /* Info.plist */ = {isa = PBXFileReference; lastKnownFileType = text.plist.xml; path = Info.plist; sourceTree = "<group>"; };
		BC20C02C23E7A8AB008CC191 /* StarredRepoChallengeTests.xctest */ = {isa = PBXFileReference; explicitFileType = wrapper.cfbundle; includeInIndex = 0; path = StarredRepoChallengeTests.xctest; sourceTree = BUILT_PRODUCTS_DIR; };
		BC20C03023E7A8AB008CC191 /* StarredRepoChallengeTests.swift */ = {isa = PBXFileReference; lastKnownFileType = sourcecode.swift; path = StarredRepoChallengeTests.swift; sourceTree = "<group>"; };
		BC20C03223E7A8AB008CC191 /* Info.plist */ = {isa = PBXFileReference; lastKnownFileType = text.plist.xml; path = Info.plist; sourceTree = "<group>"; };
		BC20C04023E7AA38008CC191 /* repoDataProvider.swift */ = {isa = PBXFileReference; lastKnownFileType = sourcecode.swift; path = repoDataProvider.swift; sourceTree = "<group>"; };
		BCB977CA23E88E2F00016167 /* Repo.swift */ = {isa = PBXFileReference; lastKnownFileType = sourcecode.swift; path = Repo.swift; sourceTree = "<group>"; };
		BCB977CC23E8C57000016167 /* RepoController.swift */ = {isa = PBXFileReference; lastKnownFileType = sourcecode.swift; path = RepoController.swift; sourceTree = "<group>"; };
		BCE933FE23E90B26009EFB38 /* RepoCell.xib */ = {isa = PBXFileReference; fileEncoding = 4; lastKnownFileType = file.xib; path = RepoCell.xib; sourceTree = "<group>"; };
		BCE933FF23E90B26009EFB38 /* RepoCell.swift */ = {isa = PBXFileReference; fileEncoding = 4; lastKnownFileType = sourcecode.swift; path = RepoCell.swift; sourceTree = "<group>"; };
		BCE9340623EA715F009EFB38 /* BaseViewController.swift */ = {isa = PBXFileReference; fileEncoding = 4; lastKnownFileType = sourcecode.swift; path = BaseViewController.swift; sourceTree = "<group>"; };
		BCE9340C23EA77BD009EFB38 /* 568-download.json */ = {isa = PBXFileReference; fileEncoding = 4; lastKnownFileType = text.json; path = "568-download.json"; sourceTree = "<group>"; };
		BCE9819323EA168D0013F5BD /* viewControllerSpec.swift */ = {isa = PBXFileReference; fileEncoding = 4; lastKnownFileType = sourcecode.swift; path = viewControllerSpec.swift; sourceTree = "<group>"; };
		D35FB8AF0E9F978E80DEAA4A /* Pods-StarredRepoChallenge-StarredRepoChallengeTests.debug.xcconfig */ = {isa = PBXFileReference; includeInIndex = 1; lastKnownFileType = text.xcconfig; name = "Pods-StarredRepoChallenge-StarredRepoChallengeTests.debug.xcconfig"; path = "Target Support Files/Pods-StarredRepoChallenge-StarredRepoChallengeTests/Pods-StarredRepoChallenge-StarredRepoChallengeTests.debug.xcconfig"; sourceTree = "<group>"; };
/* End PBXFileReference section */

/* Begin PBXFrameworksBuildPhase section */
		BC20C01323E7A8A9008CC191 /* Frameworks */ = {
			isa = PBXFrameworksBuildPhase;
			buildActionMask = 2147483647;
			files = (
				1025B6B8299E99551D969007 /* Pods_StarredRepoChallenge.framework in Frameworks */,
			);
			runOnlyForDeploymentPostprocessing = 0;
		};
		BC20C02923E7A8AB008CC191 /* Frameworks */ = {
			isa = PBXFrameworksBuildPhase;
			buildActionMask = 2147483647;
			files = (
				093A00909AE2CC3CF1994FE5 /* Pods_StarredRepoChallenge_StarredRepoChallengeTests.framework in Frameworks */,
			);
			runOnlyForDeploymentPostprocessing = 0;
		};
/* End PBXFrameworksBuildPhase section */

/* Begin PBXGroup section */
		1A27BBD61F7AF9D8E7096392 /* Frameworks */ = {
			isa = PBXGroup;
			children = (
				03ED0BF0D23E073634DE2FC6 /* Pods_StarredRepoChallenge.framework */,
				211C35A7914B355D9EF4E9C8 /* Pods_StarredRepoChallenge_StarredRepoChallengeTests.framework */,
			);
			name = Frameworks;
			sourceTree = "<group>";
		};
		4B8E95BA371FF2BB3C0239D4 /* Pods */ = {
			isa = PBXGroup;
			children = (
				BABCCAB022B66D24D10BE44E /* Pods-StarredRepoChallenge.debug.xcconfig */,
				52E868A1E5F2F20AB26D211D /* Pods-StarredRepoChallenge.release.xcconfig */,
				6715735402C94840A4663A4D /* Pods-StarredRepoChallengeTests.debug.xcconfig */,
				937DA102BF931117A1E5E40F /* Pods-StarredRepoChallengeTests.release.xcconfig */,
				D35FB8AF0E9F978E80DEAA4A /* Pods-StarredRepoChallenge-StarredRepoChallengeTests.debug.xcconfig */,
				3B2D075F26581831369720B0 /* Pods-StarredRepoChallenge-StarredRepoChallengeTests.release.xcconfig */,
			);
			path = Pods;
			sourceTree = "<group>";
		};
		BC20C00D23E7A8A9008CC191 = {
			isa = PBXGroup;
			children = (
				BC20C01823E7A8A9008CC191 /* StarredRepoChallenge */,
				BC20C02F23E7A8AB008CC191 /* StarredRepoChallengeTests */,
				BC20C01723E7A8A9008CC191 /* Products */,
				4B8E95BA371FF2BB3C0239D4 /* Pods */,
				1A27BBD61F7AF9D8E7096392 /* Frameworks */,
			);
			sourceTree = "<group>";
		};
		BC20C01723E7A8A9008CC191 /* Products */ = {
			isa = PBXGroup;
			children = (
				BC20C01623E7A8A9008CC191 /* StarredRepoChallenge.app */,
				BC20C02C23E7A8AB008CC191 /* StarredRepoChallengeTests.xctest */,
			);
			name = Products;
			sourceTree = "<group>";
		};
		BC20C01823E7A8A9008CC191 /* StarredRepoChallenge */ = {
			isa = PBXGroup;
			children = (
				BC20C03B23E7A8B1008CC191 /* Model */,
				BC20C03C23E7A8B4008CC191 /* View */,
				BC20C03E23E7A8BC008CC191 /* Controller */,
				BC20C03D23E7A8B8008CC191 /* Networking */,
				BC20C03F23E7A8D3008CC191 /* SuportingFiles */,
				BC20C02223E7A8AA008CC191 /* Assets.xcassets */,
				BC20C02723E7A8AA008CC191 /* Info.plist */,
			);
			path = StarredRepoChallenge;
			sourceTree = "<group>";
		};
		BC20C02F23E7A8AB008CC191 /* StarredRepoChallengeTests */ = {
			isa = PBXGroup;
			children = (
				BC20C03023E7A8AB008CC191 /* StarredRepoChallengeTests.swift */,
				BCE9819323EA168D0013F5BD /* viewControllerSpec.swift */,
				BC20C03223E7A8AB008CC191 /* Info.plist */,
			);
			path = StarredRepoChallengeTests;
			sourceTree = "<group>";
		};
		BC20C03B23E7A8B1008CC191 /* Model */ = {
			isa = PBXGroup;
			children = (
				BCB977CA23E88E2F00016167 /* Repo.swift */,
			);
			path = Model;
			sourceTree = "<group>";
		};
		BC20C03C23E7A8B4008CC191 /* View */ = {
			isa = PBXGroup;
			children = (
				BC20C01F23E7A8A9008CC191 /* Main.storyboard */,
				BC20C01D23E7A8A9008CC191 /* ViewController.swift */,
				BCE9340623EA715F009EFB38 /* BaseViewController.swift */,
				BCE933F923E90AF4009EFB38 /* Cell */,
			);
			path = View;
			sourceTree = "<group>";
		};
		BC20C03D23E7A8B8008CC191 /* Networking */ = {
			isa = PBXGroup;
			children = (
				BC20C04023E7AA38008CC191 /* repoDataProvider.swift */,
			);
			path = Networking;
			sourceTree = "<group>";
		};
		BC20C03E23E7A8BC008CC191 /* Controller */ = {
			isa = PBXGroup;
			children = (
				BCB977CC23E8C57000016167 /* RepoController.swift */,
			);
			path = Controller;
			sourceTree = "<group>";
		};
		BC20C03F23E7A8D3008CC191 /* SuportingFiles */ = {
			isa = PBXGroup;
			children = (
				BCE9340C23EA77BD009EFB38 /* 568-download.json */,
				BC20C02423E7A8AA008CC191 /* LaunchScreen.storyboard */,
				BC20C01B23E7A8A9008CC191 /* SceneDelegate.swift */,
				BC20C01923E7A8A9008CC191 /* AppDelegate.swift */,
			);
			path = SuportingFiles;
			sourceTree = "<group>";
		};
		BCE933F923E90AF4009EFB38 /* Cell */ = {
			isa = PBXGroup;
			children = (
				BCE933FF23E90B26009EFB38 /* RepoCell.swift */,
				BCE933FE23E90B26009EFB38 /* RepoCell.xib */,
			);
			path = Cell;
			sourceTree = "<group>";
		};
/* End PBXGroup section */

/* Begin PBXNativeTarget section */
		BC20C01523E7A8A9008CC191 /* StarredRepoChallenge */ = {
			isa = PBXNativeTarget;
			buildConfigurationList = BC20C03523E7A8AB008CC191 /* Build configuration list for PBXNativeTarget "StarredRepoChallenge" */;
			buildPhases = (
				14AD5EC73AA3E4684E60F953 /* [CP] Check Pods Manifest.lock */,
				BC20C01223E7A8A9008CC191 /* Sources */,
				BC20C01323E7A8A9008CC191 /* Frameworks */,
				BC20C01423E7A8A9008CC191 /* Resources */,
				1571AE72FC2E271D40FEF9B1 /* [CP] Embed Pods Frameworks */,
			);
			buildRules = (
			);
			dependencies = (
			);
			name = StarredRepoChallenge;
			productName = StarredRepoChallenge;
			productReference = BC20C01623E7A8A9008CC191 /* StarredRepoChallenge.app */;
			productType = "com.apple.product-type.application";
		};
		BC20C02B23E7A8AB008CC191 /* StarredRepoChallengeTests */ = {
			isa = PBXNativeTarget;
			buildConfigurationList = BC20C03823E7A8AB008CC191 /* Build configuration list for PBXNativeTarget "StarredRepoChallengeTests" */;
			buildPhases = (
				3E5F2FF0A32745D0C4FAD295 /* [CP] Check Pods Manifest.lock */,
				BC20C02823E7A8AB008CC191 /* Sources */,
				BC20C02923E7A8AB008CC191 /* Frameworks */,
				BC20C02A23E7A8AB008CC191 /* Resources */,
				B323B35CA6BA52725C2FB7A2 /* [CP] Embed Pods Frameworks */,
			);
			buildRules = (
			);
			dependencies = (
				BC20C02E23E7A8AB008CC191 /* PBXTargetDependency */,
			);
			name = StarredRepoChallengeTests;
			productName = StarredRepoChallengeTests;
			productReference = BC20C02C23E7A8AB008CC191 /* StarredRepoChallengeTests.xctest */;
			productType = "com.apple.product-type.bundle.unit-test";
		};
/* End PBXNativeTarget section */

/* Begin PBXProject section */
		BC20C00E23E7A8A9008CC191 /* Project object */ = {
			isa = PBXProject;
			attributes = {
				LastSwiftUpdateCheck = 1130;
				LastUpgradeCheck = 1130;
				ORGANIZATIONNAME = "Alan Silva";
				TargetAttributes = {
					BC20C01523E7A8A9008CC191 = {
						CreatedOnToolsVersion = 11.3.1;
					};
					BC20C02B23E7A8AB008CC191 = {
						CreatedOnToolsVersion = 11.3.1;
						TestTargetID = BC20C01523E7A8A9008CC191;
					};
				};
			};
			buildConfigurationList = BC20C01123E7A8A9008CC191 /* Build configuration list for PBXProject "StarredRepoChallenge" */;
			compatibilityVersion = "Xcode 9.3";
			developmentRegion = en;
			hasScannedForEncodings = 0;
			knownRegions = (
				en,
				Base,
			);
			mainGroup = BC20C00D23E7A8A9008CC191;
			productRefGroup = BC20C01723E7A8A9008CC191 /* Products */;
			projectDirPath = "";
			projectRoot = "";
			targets = (
				BC20C01523E7A8A9008CC191 /* StarredRepoChallenge */,
				BC20C02B23E7A8AB008CC191 /* StarredRepoChallengeTests */,
			);
		};
/* End PBXProject section */

/* Begin PBXResourcesBuildPhase section */
		BC20C01423E7A8A9008CC191 /* Resources */ = {
			isa = PBXResourcesBuildPhase;
			buildActionMask = 2147483647;
			files = (
				BC20C02623E7A8AA008CC191 /* LaunchScreen.storyboard in Resources */,
				BCE9340D23EA77BD009EFB38 /* 568-download.json in Resources */,
				BC20C02323E7A8AA008CC191 /* Assets.xcassets in Resources */,
				BC20C02123E7A8A9008CC191 /* Main.storyboard in Resources */,
				BCE9340023E90B26009EFB38 /* RepoCell.xib in Resources */,
			);
			runOnlyForDeploymentPostprocessing = 0;
		};
		BC20C02A23E7A8AB008CC191 /* Resources */ = {
			isa = PBXResourcesBuildPhase;
			buildActionMask = 2147483647;
			files = (
			);
			runOnlyForDeploymentPostprocessing = 0;
		};
/* End PBXResourcesBuildPhase section */

/* Begin PBXShellScriptBuildPhase section */
		14AD5EC73AA3E4684E60F953 /* [CP] Check Pods Manifest.lock */ = {
			isa = PBXShellScriptBuildPhase;
			buildActionMask = 2147483647;
			files = (
			);
			inputFileListPaths = (
			);
			inputPaths = (
				"${PODS_PODFILE_DIR_PATH}/Podfile.lock",
				"${PODS_ROOT}/Manifest.lock",
			);
			name = "[CP] Check Pods Manifest.lock";
			outputFileListPaths = (
			);
			outputPaths = (
				"$(DERIVED_FILE_DIR)/Pods-StarredRepoChallenge-checkManifestLockResult.txt",
			);
			runOnlyForDeploymentPostprocessing = 0;
			shellPath = /bin/sh;
			shellScript = "diff \"${PODS_PODFILE_DIR_PATH}/Podfile.lock\" \"${PODS_ROOT}/Manifest.lock\" > /dev/null\nif [ $? != 0 ] ; then\n    # print error to STDERR\n    echo \"error: The sandbox is not in sync with the Podfile.lock. Run 'pod install' or update your CocoaPods installation.\" >&2\n    exit 1\nfi\n# This output is used by Xcode 'outputs' to avoid re-running this script phase.\necho \"SUCCESS\" > \"${SCRIPT_OUTPUT_FILE_0}\"\n";
			showEnvVarsInLog = 0;
		};
		1571AE72FC2E271D40FEF9B1 /* [CP] Embed Pods Frameworks */ = {
			isa = PBXShellScriptBuildPhase;
			buildActionMask = 2147483647;
			files = (
			);
			inputFileListPaths = (
				"${PODS_ROOT}/Target Support Files/Pods-StarredRepoChallenge/Pods-StarredRepoChallenge-frameworks-${CONFIGURATION}-input-files.xcfilelist",
			);
			name = "[CP] Embed Pods Frameworks";
			outputFileListPaths = (
				"${PODS_ROOT}/Target Support Files/Pods-StarredRepoChallenge/Pods-StarredRepoChallenge-frameworks-${CONFIGURATION}-output-files.xcfilelist",
			);
			runOnlyForDeploymentPostprocessing = 0;
			shellPath = /bin/sh;
			shellScript = "\"${PODS_ROOT}/Target Support Files/Pods-StarredRepoChallenge/Pods-StarredRepoChallenge-frameworks.sh\"\n";
			showEnvVarsInLog = 0;
		};
		3E5F2FF0A32745D0C4FAD295 /* [CP] Check Pods Manifest.lock */ = {
			isa = PBXShellScriptBuildPhase;
			buildActionMask = 2147483647;
			files = (
			);
			inputFileListPaths = (
			);
			inputPaths = (
				"${PODS_PODFILE_DIR_PATH}/Podfile.lock",
				"${PODS_ROOT}/Manifest.lock",
			);
			name = "[CP] Check Pods Manifest.lock";
			outputFileListPaths = (
			);
			outputPaths = (
				"$(DERIVED_FILE_DIR)/Pods-StarredRepoChallenge-StarredRepoChallengeTests-checkManifestLockResult.txt",
			);
			runOnlyForDeploymentPostprocessing = 0;
			shellPath = /bin/sh;
			shellScript = "diff \"${PODS_PODFILE_DIR_PATH}/Podfile.lock\" \"${PODS_ROOT}/Manifest.lock\" > /dev/null\nif [ $? != 0 ] ; then\n    # print error to STDERR\n    echo \"error: The sandbox is not in sync with the Podfile.lock. Run 'pod install' or update your CocoaPods installation.\" >&2\n    exit 1\nfi\n# This output is used by Xcode 'outputs' to avoid re-running this script phase.\necho \"SUCCESS\" > \"${SCRIPT_OUTPUT_FILE_0}\"\n";
			showEnvVarsInLog = 0;
		};
		B323B35CA6BA52725C2FB7A2 /* [CP] Embed Pods Frameworks */ = {
			isa = PBXShellScriptBuildPhase;
			buildActionMask = 2147483647;
			files = (
			);
			inputFileListPaths = (
				"${PODS_ROOT}/Target Support Files/Pods-StarredRepoChallenge-StarredRepoChallengeTests/Pods-StarredRepoChallenge-StarredRepoChallengeTests-frameworks-${CONFIGURATION}-input-files.xcfilelist",
			);
			name = "[CP] Embed Pods Frameworks";
			outputFileListPaths = (
				"${PODS_ROOT}/Target Support Files/Pods-StarredRepoChallenge-StarredRepoChallengeTests/Pods-StarredRepoChallenge-StarredRepoChallengeTests-frameworks-${CONFIGURATION}-output-files.xcfilelist",
			);
			runOnlyForDeploymentPostprocessing = 0;
			shellPath = /bin/sh;
			shellScript = "\"${PODS_ROOT}/Target Support Files/Pods-StarredRepoChallenge-StarredRepoChallengeTests/Pods-StarredRepoChallenge-StarredRepoChallengeTests-frameworks.sh\"\n";
			showEnvVarsInLog = 0;
		};
/* End PBXShellScriptBuildPhase section */

/* Begin PBXSourcesBuildPhase section */
		BC20C01223E7A8A9008CC191 /* Sources */ = {
			isa = PBXSourcesBuildPhase;
			buildActionMask = 2147483647;
			files = (
				BC20C04123E7AA38008CC191 /* repoDataProvider.swift in Sources */,
				BCE9340123E90B26009EFB38 /* RepoCell.swift in Sources */,
				BCB977CD23E8C57000016167 /* RepoController.swift in Sources */,
				BC20C01E23E7A8A9008CC191 /* ViewController.swift in Sources */,
				BCB977CB23E88E2F00016167 /* Repo.swift in Sources */,
				BCE9340723EA715F009EFB38 /* BaseViewController.swift in Sources */,
				BC20C01A23E7A8A9008CC191 /* AppDelegate.swift in Sources */,
				BC20C01C23E7A8A9008CC191 /* SceneDelegate.swift in Sources */,
			);
			runOnlyForDeploymentPostprocessing = 0;
		};
		BC20C02823E7A8AB008CC191 /* Sources */ = {
			isa = PBXSourcesBuildPhase;
			buildActionMask = 2147483647;
			files = (
				BC20C03123E7A8AB008CC191 /* StarredRepoChallengeTests.swift in Sources */,
				BCE9819423EA168D0013F5BD /* viewControllerSpec.swift in Sources */,
			);
			runOnlyForDeploymentPostprocessing = 0;
		};
/* End PBXSourcesBuildPhase section */

/* Begin PBXTargetDependency section */
		BC20C02E23E7A8AB008CC191 /* PBXTargetDependency */ = {
			isa = PBXTargetDependency;
			target = BC20C01523E7A8A9008CC191 /* StarredRepoChallenge */;
			targetProxy = BC20C02D23E7A8AB008CC191 /* PBXContainerItemProxy */;
		};
/* End PBXTargetDependency section */

/* Begin PBXVariantGroup section */
		BC20C01F23E7A8A9008CC191 /* Main.storyboard */ = {
			isa = PBXVariantGroup;
			children = (
				BC20C02023E7A8A9008CC191 /* Base */,
			);
			name = Main.storyboard;
			sourceTree = "<group>";
		};
		BC20C02423E7A8AA008CC191 /* LaunchScreen.storyboard */ = {
			isa = PBXVariantGroup;
			children = (
				BC20C02523E7A8AA008CC191 /* Base */,
			);
			name = LaunchScreen.storyboard;
			sourceTree = "<group>";
		};
/* End PBXVariantGroup section */

/* Begin XCBuildConfiguration section */
		BC20C03323E7A8AB008CC191 /* Debug */ = {
			isa = XCBuildConfiguration;
			buildSettings = {
				ALWAYS_SEARCH_USER_PATHS = NO;
				CLANG_ANALYZER_NONNULL = YES;
				CLANG_ANALYZER_NUMBER_OBJECT_CONVERSION = YES_AGGRESSIVE;
				CLANG_CXX_LANGUAGE_STANDARD = "gnu++14";
				CLANG_CXX_LIBRARY = "libc++";
				CLANG_ENABLE_MODULES = YES;
				CLANG_ENABLE_OBJC_ARC = YES;
				CLANG_ENABLE_OBJC_WEAK = YES;
				CLANG_WARN_BLOCK_CAPTURE_AUTORELEASING = YES;
				CLANG_WARN_BOOL_CONVERSION = YES;
				CLANG_WARN_COMMA = YES;
				CLANG_WARN_CONSTANT_CONVERSION = YES;
				CLANG_WARN_DEPRECATED_OBJC_IMPLEMENTATIONS = YES;
				CLANG_WARN_DIRECT_OBJC_ISA_USAGE = YES_ERROR;
				CLANG_WARN_DOCUMENTATION_COMMENTS = YES;
				CLANG_WARN_EMPTY_BODY = YES;
				CLANG_WARN_ENUM_CONVERSION = YES;
				CLANG_WARN_INFINITE_RECURSION = YES;
				CLANG_WARN_INT_CONVERSION = YES;
				CLANG_WARN_NON_LITERAL_NULL_CONVERSION = YES;
				CLANG_WARN_OBJC_IMPLICIT_RETAIN_SELF = YES;
				CLANG_WARN_OBJC_LITERAL_CONVERSION = YES;
				CLANG_WARN_OBJC_ROOT_CLASS = YES_ERROR;
				CLANG_WARN_RANGE_LOOP_ANALYSIS = YES;
				CLANG_WARN_STRICT_PROTOTYPES = YES;
				CLANG_WARN_SUSPICIOUS_MOVE = YES;
				CLANG_WARN_UNGUARDED_AVAILABILITY = YES_AGGRESSIVE;
				CLANG_WARN_UNREACHABLE_CODE = YES;
				CLANG_WARN__DUPLICATE_METHOD_MATCH = YES;
				COPY_PHASE_STRIP = NO;
				DEBUG_INFORMATION_FORMAT = dwarf;
				ENABLE_STRICT_OBJC_MSGSEND = YES;
				ENABLE_TESTABILITY = YES;
				GCC_C_LANGUAGE_STANDARD = gnu11;
				GCC_DYNAMIC_NO_PIC = NO;
				GCC_NO_COMMON_BLOCKS = YES;
				GCC_OPTIMIZATION_LEVEL = 0;
				GCC_PREPROCESSOR_DEFINITIONS = (
					"DEBUG=1",
					"$(inherited)",
				);
				GCC_WARN_64_TO_32_BIT_CONVERSION = YES;
				GCC_WARN_ABOUT_RETURN_TYPE = YES_ERROR;
				GCC_WARN_UNDECLARED_SELECTOR = YES;
				GCC_WARN_UNINITIALIZED_AUTOS = YES_AGGRESSIVE;
				GCC_WARN_UNUSED_FUNCTION = YES;
				GCC_WARN_UNUSED_VARIABLE = YES;
				IPHONEOS_DEPLOYMENT_TARGET = 13.2;
				MTL_ENABLE_DEBUG_INFO = INCLUDE_SOURCE;
				MTL_FAST_MATH = YES;
				ONLY_ACTIVE_ARCH = YES;
				SDKROOT = iphoneos;
				SWIFT_ACTIVE_COMPILATION_CONDITIONS = DEBUG;
				SWIFT_OPTIMIZATION_LEVEL = "-Onone";
			};
			name = Debug;
		};
		BC20C03423E7A8AB008CC191 /* Release */ = {
			isa = XCBuildConfiguration;
			buildSettings = {
				ALWAYS_SEARCH_USER_PATHS = NO;
				CLANG_ANALYZER_NONNULL = YES;
				CLANG_ANALYZER_NUMBER_OBJECT_CONVERSION = YES_AGGRESSIVE;
				CLANG_CXX_LANGUAGE_STANDARD = "gnu++14";
				CLANG_CXX_LIBRARY = "libc++";
				CLANG_ENABLE_MODULES = YES;
				CLANG_ENABLE_OBJC_ARC = YES;
				CLANG_ENABLE_OBJC_WEAK = YES;
				CLANG_WARN_BLOCK_CAPTURE_AUTORELEASING = YES;
				CLANG_WARN_BOOL_CONVERSION = YES;
				CLANG_WARN_COMMA = YES;
				CLANG_WARN_CONSTANT_CONVERSION = YES;
				CLANG_WARN_DEPRECATED_OBJC_IMPLEMENTATIONS = YES;
				CLANG_WARN_DIRECT_OBJC_ISA_USAGE = YES_ERROR;
				CLANG_WARN_DOCUMENTATION_COMMENTS = YES;
				CLANG_WARN_EMPTY_BODY = YES;
				CLANG_WARN_ENUM_CONVERSION = YES;
				CLANG_WARN_INFINITE_RECURSION = YES;
				CLANG_WARN_INT_CONVERSION = YES;
				CLANG_WARN_NON_LITERAL_NULL_CONVERSION = YES;
				CLANG_WARN_OBJC_IMPLICIT_RETAIN_SELF = YES;
				CLANG_WARN_OBJC_LITERAL_CONVERSION = YES;
				CLANG_WARN_OBJC_ROOT_CLASS = YES_ERROR;
				CLANG_WARN_RANGE_LOOP_ANALYSIS = YES;
				CLANG_WARN_STRICT_PROTOTYPES = YES;
				CLANG_WARN_SUSPICIOUS_MOVE = YES;
				CLANG_WARN_UNGUARDED_AVAILABILITY = YES_AGGRESSIVE;
				CLANG_WARN_UNREACHABLE_CODE = YES;
				CLANG_WARN__DUPLICATE_METHOD_MATCH = YES;
				COPY_PHASE_STRIP = NO;
				DEBUG_INFORMATION_FORMAT = "dwarf-with-dsym";
				ENABLE_NS_ASSERTIONS = NO;
				ENABLE_STRICT_OBJC_MSGSEND = YES;
				GCC_C_LANGUAGE_STANDARD = gnu11;
				GCC_NO_COMMON_BLOCKS = YES;
				GCC_WARN_64_TO_32_BIT_CONVERSION = YES;
				GCC_WARN_ABOUT_RETURN_TYPE = YES_ERROR;
				GCC_WARN_UNDECLARED_SELECTOR = YES;
				GCC_WARN_UNINITIALIZED_AUTOS = YES_AGGRESSIVE;
				GCC_WARN_UNUSED_FUNCTION = YES;
				GCC_WARN_UNUSED_VARIABLE = YES;
				IPHONEOS_DEPLOYMENT_TARGET = 13.2;
				MTL_ENABLE_DEBUG_INFO = NO;
				MTL_FAST_MATH = YES;
				SDKROOT = iphoneos;
				SWIFT_COMPILATION_MODE = wholemodule;
				SWIFT_OPTIMIZATION_LEVEL = "-O";
				VALIDATE_PRODUCT = YES;
			};
			name = Release;
		};
		BC20C03623E7A8AB008CC191 /* Debug */ = {
			isa = XCBuildConfiguration;
			baseConfigurationReference = BABCCAB022B66D24D10BE44E /* Pods-StarredRepoChallenge.debug.xcconfig */;
			buildSettings = {
				ASSETCATALOG_COMPILER_APPICON_NAME = AppIcon;
				CODE_SIGN_STYLE = Automatic;
				DEVELOPMENT_TEAM = VF7VYA94WY;
				INFOPLIST_FILE = StarredRepoChallenge/Info.plist;
				LD_RUNPATH_SEARCH_PATHS = (
					"$(inherited)",
					"@executable_path/Frameworks",
				);
				PRODUCT_BUNDLE_IDENTIFIER = abstec.StarredRepoChallenge;
				PRODUCT_NAME = "$(TARGET_NAME)";
				SWIFT_VERSION = 5.0;
				TARGETED_DEVICE_FAMILY = "1,2";
			};
			name = Debug;
		};
		BC20C03723E7A8AB008CC191 /* Release */ = {
			isa = XCBuildConfiguration;
			baseConfigurationReference = 52E868A1E5F2F20AB26D211D /* Pods-StarredRepoChallenge.release.xcconfig */;
			buildSettings = {
				ASSETCATALOG_COMPILER_APPICON_NAME = AppIcon;
				CODE_SIGN_STYLE = Automatic;
				DEVELOPMENT_TEAM = VF7VYA94WY;
				INFOPLIST_FILE = StarredRepoChallenge/Info.plist;
				LD_RUNPATH_SEARCH_PATHS = (
					"$(inherited)",
					"@executable_path/Frameworks",
				);
				PRODUCT_BUNDLE_IDENTIFIER = abstec.StarredRepoChallenge;
				PRODUCT_NAME = "$(TARGET_NAME)";
				SWIFT_VERSION = 5.0;
				TARGETED_DEVICE_FAMILY = "1,2";
			};
			name = Release;
		};
		BC20C03923E7A8AB008CC191 /* Debug */ = {
			isa = XCBuildConfiguration;
			baseConfigurationReference = D35FB8AF0E9F978E80DEAA4A /* Pods-StarredRepoChallenge-StarredRepoChallengeTests.debug.xcconfig */;
			buildSettings = {
				ALWAYS_EMBED_SWIFT_STANDARD_LIBRARIES = YES;
				BUNDLE_LOADER = "$(TEST_HOST)";
				CODE_SIGN_STYLE = Automatic;
				DEVELOPMENT_TEAM = VF7VYA94WY;
				INFOPLIST_FILE = StarredRepoChallengeTests/Info.plist;
				IPHONEOS_DEPLOYMENT_TARGET = 13.2;
				LD_RUNPATH_SEARCH_PATHS = (
					"$(inherited)",
					"@executable_path/Frameworks",
					"@loader_path/Frameworks",
				);
				PRODUCT_BUNDLE_IDENTIFIER = abstec.StarredRepoChallengeTests;
				PRODUCT_NAME = "$(TARGET_NAME)";
				SWIFT_VERSION = 5.0;
				TARGETED_DEVICE_FAMILY = "1,2";
				TEST_HOST = "$(BUILT_PRODUCTS_DIR)/StarredRepoChallenge.app/StarredRepoChallenge";
			};
			name = Debug;
		};
		BC20C03A23E7A8AB008CC191 /* Release */ = {
			isa = XCBuildConfiguration;
			baseConfigurationReference = 3B2D075F26581831369720B0 /* Pods-StarredRepoChallenge-StarredRepoChallengeTests.release.xcconfig */;
			buildSettings = {
				ALWAYS_EMBED_SWIFT_STANDARD_LIBRARIES = YES;
				BUNDLE_LOADER = "$(TEST_HOST)";
				CODE_SIGN_STYLE = Automatic;
				DEVELOPMENT_TEAM = VF7VYA94WY;
				INFOPLIST_FILE = StarredRepoChallengeTests/Info.plist;
				IPHONEOS_DEPLOYMENT_TARGET = 13.2;
				LD_RUNPATH_SEARCH_PATHS = (
					"$(inherited)",
					"@executable_path/Frameworks",
					"@loader_path/Frameworks",
				);
				PRODUCT_BUNDLE_IDENTIFIER = abstec.StarredRepoChallengeTests;
				PRODUCT_NAME = "$(TARGET_NAME)";
				SWIFT_VERSION = 5.0;
				TARGETED_DEVICE_FAMILY = "1,2";
				TEST_HOST = "$(BUILT_PRODUCTS_DIR)/StarredRepoChallenge.app/StarredRepoChallenge";
			};
			name = Release;
		};
/* End XCBuildConfiguration section */

/* Begin XCConfigurationList section */
		BC20C01123E7A8A9008CC191 /* Build configuration list for PBXProject "StarredRepoChallenge" */ = {
			isa = XCConfigurationList;
			buildConfigurations = (
				BC20C03323E7A8AB008CC191 /* Debug */,
				BC20C03423E7A8AB008CC191 /* Release */,
			);
			defaultConfigurationIsVisible = 0;
			defaultConfigurationName = Release;
		};
		BC20C03523E7A8AB008CC191 /* Build configuration list for PBXNativeTarget "StarredRepoChallenge" */ = {
			isa = XCConfigurationList;
			buildConfigurations = (
				BC20C03623E7A8AB008CC191 /* Debug */,
				BC20C03723E7A8AB008CC191 /* Release */,
			);
			defaultConfigurationIsVisible = 0;
			defaultConfigurationName = Release;
		};
		BC20C03823E7A8AB008CC191 /* Build configuration list for PBXNativeTarget "StarredRepoChallengeTests" */ = {
			isa = XCConfigurationList;
			buildConfigurations = (
				BC20C03923E7A8AB008CC191 /* Debug */,
				BC20C03A23E7A8AB008CC191 /* Release */,
			);
			defaultConfigurationIsVisible = 0;
			defaultConfigurationName = Release;
		};
/* End XCConfigurationList section */
	};
	rootObject = BC20C00E23E7A8A9008CC191 /* Project object */;
}
